
Microsoft Visual Studio Solution File, Format Version 12.00
# Visual Studio Version 16
VisualStudioVersion = 16.0.29806.167
MinimumVisualStudioVersion = 10.0.40219.1
Project("{FAE04EC0-301F-11D3-BF4B-00C04F79EFBC}") = "IterationsFor", "IterationsFor.csproj", "{13CBCF13-7931-4C48-BF68-BB171A3283BF}"
EndProject
Global
	GlobalSection(SolutionConfigurationPlatforms) = preSolution
		Debug|Any CPU = Debug|Any CPU
		Release|Any CPU = Release|Any CPU
	EndGlobalSection
	GlobalSection(ProjectConfigurationPlatforms) = postSolution
		{13CBCF13-7931-4C48-BF68-BB171A3283BF}.Debug|Any CPU.ActiveCfg = Debug|Any CPU
		{13CBCF13-7931-4C48-BF68-BB171A3283BF}.Debug|Any CPU.Build.0 = Debug|Any CPU
		{13CBCF13-7931-4C48-BF68-BB171A3283BF}.Release|Any CPU.ActiveCfg = Release|Any CPU
		{13CBCF13-7931-4C48-BF68-BB171A3283BF}.Release|Any CPU.Build.0 = Release|Any CPU
	EndGlobalSection
	GlobalSection(SolutionProperties) = preSolution
		HideSolutionNode = FALSE
	EndGlobalSection
	GlobalSection(ExtensibilityGlobals) = postSolution
		SolutionGuid = {BAED0417-7AF2-408D-B222-CB0F4352DDD2}
	EndGlobalSection
EndGlobal
