
Microsoft Visual Studio Solution File, Format Version 12.00
# Visual Studio Version 16
VisualStudioVersion = 16.0.29806.167
MinimumVisualStudioVersion = 10.0.40219.1
Project("{FAE04EC0-301F-11D3-BF4B-00C04F79EFBC}") = "simpleArraySum", "simpleArraySum.csproj", "{592593C3-451B-4643-B0D5-BE8156F40A8C}"
EndProject
Global
	GlobalSection(SolutionConfigurationPlatforms) = preSolution
		Debug|Any CPU = Debug|Any CPU
		Release|Any CPU = Release|Any CPU
	EndGlobalSection
	GlobalSection(ProjectConfigurationPlatforms) = postSolution
		{592593C3-451B-4643-B0D5-BE8156F40A8C}.Debug|Any CPU.ActiveCfg = Debug|Any CPU
		{592593C3-451B-4643-B0D5-BE8156F40A8C}.Debug|Any CPU.Build.0 = Debug|Any CPU
		{592593C3-451B-4643-B0D5-BE8156F40A8C}.Release|Any CPU.ActiveCfg = Release|Any CPU
		{592593C3-451B-4643-B0D5-BE8156F40A8C}.Release|Any CPU.Build.0 = Release|Any CPU
	EndGlobalSection
	GlobalSection(SolutionProperties) = preSolution
		HideSolutionNode = FALSE
	EndGlobalSection
	GlobalSection(ExtensibilityGlobals) = postSolution
		SolutionGuid = {88A1ECCF-343F-4D94-83B0-4070FFA5253E}
	EndGlobalSection
EndGlobal
